
Microsoft Visual Studio Solution File, Format Version 12.00
# Visual Studio Version 17
VisualStudioVersion = 17.10.35122.118
MinimumVisualStudioVersion = 10.0.40219.1
Project("{F184B08F-C81C-45F6-A57F-5ABD9991F28F}") = "wpf decks", "wpf decks\wpf decks.vbproj", "{0A80AC91-DF5F-4FCB-9E36-4C6E518AB38D}"
EndProject
Global
	GlobalSection(SolutionConfigurationPlatforms) = preSolution
		Debug|Any CPU = Debug|Any CPU
		Release|Any CPU = Release|Any CPU
	EndGlobalSection
	GlobalSection(ProjectConfigurationPlatforms) = postSolution
		{0A80AC91-DF5F-4FCB-9E36-4C6E518AB38D}.Debug|Any CPU.ActiveCfg = Debug|Any CPU
		{0A80AC91-DF5F-4FCB-9E36-4C6E518AB38D}.Debug|Any CPU.Build.0 = Debug|Any CPU
		{0A80AC91-DF5F-4FCB-9E36-4C6E518AB38D}.Release|Any CPU.ActiveCfg = Release|Any CPU
		{0A80AC91-DF5F-4FCB-9E36-4C6E518AB38D}.Release|Any CPU.Build.0 = Release|Any CPU
	EndGlobalSection
	GlobalSection(SolutionProperties) = preSolution
		HideSolutionNode = FALSE
	EndGlobalSection
	GlobalSection(ExtensibilityGlobals) = postSolution
		SolutionGuid = {2AE6E0C6-7CD7-4649-AA62-D6128FD0E1FF}
	EndGlobalSection
EndGlobal
